
Microsoft Visual Studio Solution File, Format Version 12.00
# Visual Studio Version 17
VisualStudioVersion = 17.2.32630.192
MinimumVisualStudioVersion = 10.0.40219.1
Project("{FAE04EC0-301F-11D3-BF4B-00C04F79EFBC}") = "Projeto IMC 2", "Projeto IMC 2\Projeto IMC 2.csproj", "{FD08A157-AADF-438D-B799-288325A340BD}"
EndProject
Global
	GlobalSection(SolutionConfigurationPlatforms) = preSolution
		Debug|Any CPU = Debug|Any CPU
		Release|Any CPU = Release|Any CPU
	EndGlobalSection
	GlobalSection(ProjectConfigurationPlatforms) = postSolution
		{FD08A157-AADF-438D-B799-288325A340BD}.Debug|Any CPU.ActiveCfg = Debug|Any CPU
		{FD08A157-AADF-438D-B799-288325A340BD}.Debug|Any CPU.Build.0 = Debug|Any CPU
		{FD08A157-AADF-438D-B799-288325A340BD}.Release|Any CPU.ActiveCfg = Release|Any CPU
		{FD08A157-AADF-438D-B799-288325A340BD}.Release|Any CPU.Build.0 = Release|Any CPU
	EndGlobalSection
	GlobalSection(SolutionProperties) = preSolution
		HideSolutionNode = FALSE
	EndGlobalSection
	GlobalSection(ExtensibilityGlobals) = postSolution
		SolutionGuid = {AB1AD5C4-BC4F-4496-A478-A142C6B42E02}
	EndGlobalSection
EndGlobal
